// !$*UTF8*$!
{
	archiveVersion = 1;
	classes = {
	};
	objectVersion = 56;
	objects = {

/* Begin PBXBuildFile section */
		1F756FBE2BCD5CA30002F67D /* AppDelegate.swift in Sources */ = {isa = PBXBuildFile; fileRef = 1F756FBD2BCD5CA30002F67D /* AppDelegate.swift */; };
		1F756FC02BCD5CA30002F67D /* SceneDelegate.swift in Sources */ = {isa = PBXBuildFile; fileRef = 1F756FBF2BCD5CA30002F67D /* SceneDelegate.swift */; };
		1F756FC22BCD5CA30002F67D /* ViewController.swift in Sources */ = {isa = PBXBuildFile; fileRef = 1F756FC12BCD5CA30002F67D /* ViewController.swift */; };
		1F756FC52BCD5CA30002F67D /* Base in Resources */ = {isa = PBXBuildFile; fileRef = 1F756FC42BCD5CA30002F67D /* Base */; };
		1F756FC72BCD5CA40002F67D /* Assets.xcassets in Resources */ = {isa = PBXBuildFile; fileRef = 1F756FC62BCD5CA40002F67D /* Assets.xcassets */; };
		1F756FCA2BCD5CA40002F67D /* Base in Resources */ = {isa = PBXBuildFile; fileRef = 1F756FC92BCD5CA40002F67D /* Base */; };
		1F756FD42BCD5CC20002F67D /* RadioButton.swift in Sources */ = {isa = PBXBuildFile; fileRef = 1F756FD32BCD5CC20002F67D /* RadioButton.swift */; };
		1F756FD62BCD5D810002F67D /* RadioButton.xib in Resources */ = {isa = PBXBuildFile; fileRef = 1F756FD52BCD5D810002F67D /* RadioButton.xib */; };
		1FD2C27D2BCE4C71001F5A69 /* RadioCell.swift in Sources */ = {isa = PBXBuildFile; fileRef = 1FD2C27C2BCE4C71001F5A69 /* RadioCell.swift */; };
/* End PBXBuildFile section */

/* Begin PBXFileReference section */
		1F756FBA2BCD5CA30002F67D /* RadioButton.app */ = {isa = PBXFileReference; explicitFileType = wrapper.application; includeInIndex = 0; path = RadioButton.app; sourceTree = BUILT_PRODUCTS_DIR; };
		1F756FBD2BCD5CA30002F67D /* AppDelegate.swift */ = {isa = PBXFileReference; lastKnownFileType = sourcecode.swift; path = AppDelegate.swift; sourceTree = "<group>"; };
		1F756FBF2BCD5CA30002F67D /* SceneDelegate.swift */ = {isa = PBXFileReference; lastKnownFileType = sourcecode.swift; path = SceneDelegate.swift; sourceTree = "<group>"; };
		1F756FC12BCD5CA30002F67D /* ViewController.swift */ = {isa = PBXFileReference; lastKnownFileType = sourcecode.swift; path = ViewController.swift; sourceTree = "<group>"; };
		1F756FC42BCD5CA30002F67D /* Base */ = {isa = PBXFileReference; lastKnownFileType = file.storyboard; name = Base; path = Base.lproj/Main.storyboard; sourceTree = "<group>"; };
		1F756FC62BCD5CA40002F67D /* Assets.xcassets */ = {isa = PBXFileReference; lastKnownFileType = folder.assetcatalog; path = Assets.xcassets; sourceTree = "<group>"; };
		1F756FC92BCD5CA40002F67D /* Base */ = {isa = PBXFileReference; lastKnownFileType = file.storyboard; name = Base; path = Base.lproj/LaunchScreen.storyboard; sourceTree = "<group>"; };
		1F756FCB2BCD5CA40002F67D /* Info.plist */ = {isa = PBXFileReference; lastKnownFileType = text.plist.xml; path = Info.plist; sourceTree = "<group>"; };
		1F756FD32BCD5CC20002F67D /* RadioButton.swift */ = {isa = PBXFileReference; lastKnownFileType = sourcecode.swift; path = RadioButton.swift; sourceTree = "<group>"; };
		1F756FD52BCD5D810002F67D /* RadioButton.xib */ = {isa = PBXFileReference; lastKnownFileType = file.xib; path = RadioButton.xib; sourceTree = "<group>"; };
		1FD2C27C2BCE4C71001F5A69 /* RadioCell.swift */ = {isa = PBXFileReference; lastKnownFileType = sourcecode.swift; path = RadioCell.swift; sourceTree = "<group>"; };
/* End PBXFileReference section */

/* Begin PBXFrameworksBuildPhase section */
		1F756FB72BCD5CA30002F67D /* Frameworks */ = {
			isa = PBXFrameworksBuildPhase;
			buildActionMask = 2147483647;
			files = (
			);
			runOnlyForDeploymentPostprocessing = 0;
		};
/* End PBXFrameworksBuildPhase section */

/* Begin PBXGroup section */
		1F756FB12BCD5CA30002F67D = {
			isa = PBXGroup;
			children = (
				1F756FBC2BCD5CA30002F67D /* RadioButton */,
				1F756FBB2BCD5CA30002F67D /* Products */,
			);
			sourceTree = "<group>";
		};
		1F756FBB2BCD5CA30002F67D /* Products */ = {
			isa = PBXGroup;
			children = (
				1F756FBA2BCD5CA30002F67D /* RadioButton.app */,
			);
			name = Products;
			sourceTree = "<group>";
		};
		1F756FBC2BCD5CA30002F67D /* RadioButton */ = {
			isa = PBXGroup;
			children = (
				1F756FD12BCD5CAE0002F67D /* RadioButton */,
				1F756FBD2BCD5CA30002F67D /* AppDelegate.swift */,
				1F756FBF2BCD5CA30002F67D /* SceneDelegate.swift */,
				1F756FC12BCD5CA30002F67D /* ViewController.swift */,
				1F756FC32BCD5CA30002F67D /* Main.storyboard */,
				1F756FC62BCD5CA40002F67D /* Assets.xcassets */,
				1F756FC82BCD5CA40002F67D /* LaunchScreen.storyboard */,
				1F756FCB2BCD5CA40002F67D /* Info.plist */,
				1FD2C27C2BCE4C71001F5A69 /* RadioCell.swift */,
			);
			path = RadioButton;
			sourceTree = "<group>";
		};
		1F756FD12BCD5CAE0002F67D /* RadioButton */ = {
			isa = PBXGroup;
			children = (
				1F756FD32BCD5CC20002F67D /* RadioButton.swift */,
				1F756FD52BCD5D810002F67D /* RadioButton.xib */,
			);
			path = RadioButton;
			sourceTree = "<group>";
		};
/* End PBXGroup section */

/* Begin PBXNativeTarget section */
		1F756FB92BCD5CA30002F67D /* RadioButton */ = {
			isa = PBXNativeTarget;
			buildConfigurationList = 1F756FCE2BCD5CA40002F67D /* Build configuration list for PBXNativeTarget "RadioButton" */;
			buildPhases = (
				1F756FB62BCD5CA30002F67D /* Sources */,
				1F756FB72BCD5CA30002F67D /* Frameworks */,
				1F756FB82BCD5CA30002F67D /* Resources */,
			);
			buildRules = (
			);
			dependencies = (
			);
			name = RadioButton;
			productName = RadioButton;
			productReference = 1F756FBA2BCD5CA30002F67D /* RadioButton.app */;
			productType = "com.apple.product-type.application";
		};
/* End PBXNativeTarget section */

/* Begin PBXProject section */
		1F756FB22BCD5CA30002F67D /* Project object */ = {
			isa = PBXProject;
			attributes = {
				BuildIndependentTargetsInParallel = 1;
				LastSwiftUpdateCheck = 1530;
				LastUpgradeCheck = 1530;
				TargetAttributes = {
					1F756FB92BCD5CA30002F67D = {
						CreatedOnToolsVersion = 15.3;
					};
				};
			};
			buildConfigurationList = 1F756FB52BCD5CA30002F67D /* Build configuration list for PBXProject "RadioButton" */;
			compatibilityVersion = "Xcode 14.0";
			developmentRegion = en;
			hasScannedForEncodings = 0;
			knownRegions = (
				en,
				Base,
			);
			mainGroup = 1F756FB12BCD5CA30002F67D;
			productRefGroup = 1F756FBB2BCD5CA30002F67D /* Products */;
			projectDirPath = "";
			projectRoot = "";
			targets = (
				1F756FB92BCD5CA30002F67D /* RadioButton */,
			);
		};
/* End PBXProject section */

/* Begin PBXResourcesBuildPhase section */
		1F756FB82BCD5CA30002F67D /* Resources */ = {
			isa = PBXResourcesBuildPhase;
			buildActionMask = 2147483647;
			files = (
				1F756FC72BCD5CA40002F67D /* Assets.xcassets in Resources */,
				1F756FCA2BCD5CA40002F67D /* Base in Resources */,
				1F756FC52BCD5CA30002F67D /* Base in Resources */,
				1F756FD62BCD5D810002F67D /* RadioButton.xib in Resources */,
			);
			runOnlyForDeploymentPostprocessing = 0;
		};
/* End PBXResourcesBuildPhase section */

/* Begin PBXSourcesBuildPhase section */
		1F756FB62BCD5CA30002F67D /* Sources */ = {
			isa = PBXSourcesBuildPhase;
			buildActionMask = 2147483647;
			files = (
				1F756FC22BCD5CA30002F67D /* ViewController.swift in Sources */,
				1F756FBE2BCD5CA30002F67D /* AppDelegate.swift in Sources */,
				1FD2C27D2BCE4C71001F5A69 /* RadioCell.swift in Sources */,
				1F756FC02BCD5CA30002F67D /* SceneDelegate.swift in Sources */,
				1F756FD42BCD5CC20002F67D /* RadioButton.swift in Sources */,
			);
			runOnlyForDeploymentPostprocessing = 0;
		};
/* End PBXSourcesBuildPhase section */

/* Begin PBXVariantGroup section */
		1F756FC32BCD5CA30002F67D /* Main.storyboard */ = {
			isa = PBXVariantGroup;
			children = (
				1F756FC42BCD5CA30002F67D /* Base */,
			);
			name = Main.storyboard;
			sourceTree = "<group>";
		};
		1F756FC82BCD5CA40002F67D /* LaunchScreen.storyboard */ = {
			isa = PBXVariantGroup;
			children = (
				1F756FC92BCD5CA40002F67D /* Base */,
			);
			name = LaunchScreen.storyboard;
			sourceTree = "<group>";
		};
/* End PBXVariantGroup section */

/* Begin XCBuildConfiguration section */
		1F756FCC2BCD5CA40002F67D /* Debug */ = {
			isa = XCBuildConfiguration;
			buildSettings = {
				ALWAYS_SEARCH_USER_PATHS = NO;
				ASSETCATALOG_COMPILER_GENERATE_SWIFT_ASSET_SYMBOL_EXTENSIONS = YES;
				CLANG_ANALYZER_NONNULL = YES;
				CLANG_ANALYZER_NUMBER_OBJECT_CONVERSION = YES_AGGRESSIVE;
				CLANG_CXX_LANGUAGE_STANDARD = "gnu++20";
				CLANG_ENABLE_MODULES = YES;
				CLANG_ENABLE_OBJC_ARC = YES;
				CLANG_ENABLE_OBJC_WEAK = YES;
				CLANG_WARN_BLOCK_CAPTURE_AUTORELEASING = YES;
				CLANG_WARN_BOOL_CONVERSION = YES;
				CLANG_WARN_COMMA = YES;
				CLANG_WARN_CONSTANT_CONVERSION = YES;
				CLANG_WARN_DEPRECATED_OBJC_IMPLEMENTATIONS = YES;
				CLANG_WARN_DIRECT_OBJC_ISA_USAGE = YES_ERROR;
				CLANG_WARN_DOCUMENTATION_COMMENTS = YES;
				CLANG_WARN_EMPTY_BODY = YES;
				CLANG_WARN_ENUM_CONVERSION = YES;
				CLANG_WARN_INFINITE_RECURSION = YES;
				CLANG_WARN_INT_CONVERSION = YES;
				CLANG_WARN_NON_LITERAL_NULL_CONVERSION = YES;
				CLANG_WARN_OBJC_IMPLICIT_RETAIN_SELF = YES;
				CLANG_WARN_OBJC_LITERAL_CONVERSION = YES;
				CLANG_WARN_OBJC_ROOT_CLASS = YES_ERROR;
				CLANG_WARN_QUOTED_INCLUDE_IN_FRAMEWORK_HEADER = YES;
				CLANG_WARN_RANGE_LOOP_ANALYSIS = YES;
				CLANG_WARN_STRICT_PROTOTYPES = YES;
				CLANG_WARN_SUSPICIOUS_MOVE = YES;
				CLANG_WARN_UNGUARDED_AVAILABILITY = YES_AGGRESSIVE;
				CLANG_WARN_UNREACHABLE_CODE = YES;
				CLANG_WARN__DUPLICATE_METHOD_MATCH = YES;
				COPY_PHASE_STRIP = NO;
				DEBUG_INFORMATION_FORMAT = dwarf;
				ENABLE_STRICT_OBJC_MSGSEND = YES;
				ENABLE_TESTABILITY = YES;
				ENABLE_USER_SCRIPT_SANDBOXING = YES;
				GCC_C_LANGUAGE_STANDARD = gnu17;
				GCC_DYNAMIC_NO_PIC = NO;
				GCC_NO_COMMON_BLOCKS = YES;
				GCC_OPTIMIZATION_LEVEL = 0;
				GCC_PREPROCESSOR_DEFINITIONS = (
					"DEBUG=1",
					"$(inherited)",
				);
				GCC_WARN_64_TO_32_BIT_CONVERSION = YES;
				GCC_WARN_ABOUT_RETURN_TYPE = YES_ERROR;
				GCC_WARN_UNDECLARED_SELECTOR = YES;
				GCC_WARN_UNINITIALIZED_AUTOS = YES_AGGRESSIVE;
				GCC_WARN_UNUSED_FUNCTION = YES;
				GCC_WARN_UNUSED_VARIABLE = YES;
				IPHONEOS_DEPLOYMENT_TARGET = 17.4;
				LOCALIZATION_PREFERS_STRING_CATALOGS = YES;
				MTL_ENABLE_DEBUG_INFO = INCLUDE_SOURCE;
				MTL_FAST_MATH = YES;
				ONLY_ACTIVE_ARCH = YES;
				SDKROOT = iphoneos;
				SWIFT_ACTIVE_COMPILATION_CONDITIONS = "DEBUG $(inherited)";
				SWIFT_OPTIMIZATION_LEVEL = "-Onone";
			};
			name = Debug;
		};
		1F756FCD2BCD5CA40002F67D /* Release */ = {
			isa = XCBuildConfiguration;
			buildSettings = {
				ALWAYS_SEARCH_USER_PATHS = NO;
				ASSETCATALOG_COMPILER_GENERATE_SWIFT_ASSET_SYMBOL_EXTENSIONS = YES;
				CLANG_ANALYZER_NONNULL = YES;
				CLANG_ANALYZER_NUMBER_OBJECT_CONVERSION = YES_AGGRESSIVE;
				CLANG_CXX_LANGUAGE_STANDARD = "gnu++20";
				CLANG_ENABLE_MODULES = YES;
				CLANG_ENABLE_OBJC_ARC = YES;
				CLANG_ENABLE_OBJC_WEAK = YES;
				CLANG_WARN_BLOCK_CAPTURE_AUTORELEASING = YES;
				CLANG_WARN_BOOL_CONVERSION = YES;
				CLANG_WARN_COMMA = YES;
				CLANG_WARN_CONSTANT_CONVERSION = YES;
				CLANG_WARN_DEPRECATED_OBJC_IMPLEMENTATIONS = YES;
				CLANG_WARN_DIRECT_OBJC_ISA_USAGE = YES_ERROR;
				CLANG_WARN_DOCUMENTATION_COMMENTS = YES;
				CLANG_WARN_EMPTY_BODY = YES;
				CLANG_WARN_ENUM_CONVERSION = YES;
				CLANG_WARN_INFINITE_RECURSION = YES;
				CLANG_WARN_INT_CONVERSION = YES;
				CLANG_WARN_NON_LITERAL_NULL_CONVERSION = YES;
				CLANG_WARN_OBJC_IMPLICIT_RETAIN_SELF = YES;
				CLANG_WARN_OBJC_LITERAL_CONVERSION = YES;
				CLANG_WARN_OBJC_ROOT_CLASS = YES_ERROR;
				CLANG_WARN_QUOTED_INCLUDE_IN_FRAMEWORK_HEADER = YES;
				CLANG_WARN_RANGE_LOOP_ANALYSIS = YES;
				CLANG_WARN_STRICT_PROTOTYPES = YES;
				CLANG_WARN_SUSPICIOUS_MOVE = YES;
				CLANG_WARN_UNGUARDED_AVAILABILITY = YES_AGGRESSIVE;
				CLANG_WARN_UNREACHABLE_CODE = YES;
				CLANG_WARN__DUPLICATE_METHOD_MATCH = YES;
				COPY_PHASE_STRIP = NO;
				DEBUG_INFORMATION_FORMAT = "dwarf-with-dsym";
				ENABLE_NS_ASSERTIONS = NO;
				ENABLE_STRICT_OBJC_MSGSEND = YES;
				ENABLE_USER_SCRIPT_SANDBOXING = YES;
				GCC_C_LANGUAGE_STANDARD = gnu17;
				GCC_NO_COMMON_BLOCKS = YES;
				GCC_WARN_64_TO_32_BIT_CONVERSION = YES;
				GCC_WARN_ABOUT_RETURN_TYPE = YES_ERROR;
				GCC_WARN_UNDECLARED_SELECTOR = YES;
				GCC_WARN_UNINITIALIZED_AUTOS = YES_AGGRESSIVE;
				GCC_WARN_UNUSED_FUNCTION = YES;
				GCC_WARN_UNUSED_VARIABLE = YES;
				IPHONEOS_DEPLOYMENT_TARGET = 17.4;
				LOCALIZATION_PREFERS_STRING_CATALOGS = YES;
				MTL_ENABLE_DEBUG_INFO = NO;
				MTL_FAST_MATH = YES;
				SDKROOT = iphoneos;
				SWIFT_COMPILATION_MODE = wholemodule;
				VALIDATE_PRODUCT = YES;
			};
			name = Release;
		};
		1F756FCF2BCD5CA40002F67D /* Debug */ = {
			isa = XCBuildConfiguration;
			buildSettings = {
				ASSETCATALOG_COMPILER_APPICON_NAME = AppIcon;
				ASSETCATALOG_COMPILER_GLOBAL_ACCENT_COLOR_NAME = AccentColor;
				CODE_SIGN_STYLE = Automatic;
				CURRENT_PROJECT_VERSION = 1;
				DEVELOPMENT_TEAM = H3MW7V8SZA;
				GENERATE_INFOPLIST_FILE = YES;
				INFOPLIST_FILE = RadioButton/Info.plist;
				INFOPLIST_KEY_UIApplicationSupportsIndirectInputEvents = YES;
				INFOPLIST_KEY_UILaunchStoryboardName = LaunchScreen;
				INFOPLIST_KEY_UIMainStoryboardFile = Main;
				INFOPLIST_KEY_UISupportedInterfaceOrientations_iPad = "UIInterfaceOrientationPortrait UIInterfaceOrientationPortraitUpsideDown UIInterfaceOrientationLandscapeLeft UIInterfaceOrientationLandscapeRight";
				INFOPLIST_KEY_UISupportedInterfaceOrientations_iPhone = "UIInterfaceOrientationPortrait UIInterfaceOrientationLandscapeLeft UIInterfaceOrientationLandscapeRight";
				LD_RUNPATH_SEARCH_PATHS = (
					"$(inherited)",
					"@executable_path/Frameworks",
				);
				MARKETING_VERSION = 1.0;
				PRODUCT_BUNDLE_IDENTIFIER = com.loktantram.RadioButton;
				PRODUCT_NAME = "$(TARGET_NAME)";
				SWIFT_EMIT_LOC_STRINGS = YES;
				SWIFT_VERSION = 5.0;
				TARGETED_DEVICE_FAMILY = "1,2";
			};
			name = Debug;
		};
		1F756FD02BCD5CA40002F67D /* Release */ = {
			isa = XCBuildConfiguration;
			buildSettings = {
				ASSETCATALOG_COMPILER_APPICON_NAME = AppIcon;
				ASSETCATALOG_COMPILER_GLOBAL_ACCENT_COLOR_NAME = AccentColor;
				CODE_SIGN_STYLE = Automatic;
				CURRENT_PROJECT_VERSION = 1;
				DEVELOPMENT_TEAM = H3MW7V8SZA;
				GENERATE_INFOPLIST_FILE = YES;
				INFOPLIST_FILE = RadioButton/Info.plist;
				INFOPLIST_KEY_UIApplicationSupportsIndirectInputEvents = YES;
				INFOPLIST_KEY_UILaunchStoryboardName = LaunchScreen;
				INFOPLIST_KEY_UIMainStoryboardFile = Main;
				INFOPLIST_KEY_UISupportedInterfaceOrientations_iPad = "UIInterfaceOrientationPortrait UIInterfaceOrientationPortraitUpsideDown UIInterfaceOrientationLandscapeLeft UIInterfaceOrientationLandscapeRight";
				INFOPLIST_KEY_UISupportedInterfaceOrientations_iPhone = "UIInterfaceOrientationPortrait UIInterfaceOrientationLandscapeLeft UIInterfaceOrientationLandscapeRight";
				LD_RUNPATH_SEARCH_PATHS = (
					"$(inherited)",
					"@executable_path/Frameworks",
				);
				MARKETING_VERSION = 1.0;
				PRODUCT_BUNDLE_IDENTIFIER = com.loktantram.RadioButton;
				PRODUCT_NAME = "$(TARGET_NAME)";
				SWIFT_EMIT_LOC_STRINGS = YES;
				SWIFT_VERSION = 5.0;
				TARGETED_DEVICE_FAMILY = "1,2";
			};
			name = Release;
		};
/* End XCBuildConfiguration section */

/* Begin XCConfigurationList section */
		1F756FB52BCD5CA30002F67D /* Build configuration list for PBXProject "RadioButton" */ = {
			isa = XCConfigurationList;
			buildConfigurations = (
				1F756FCC2BCD5CA40002F67D /* Debug */,
				1F756FCD2BCD5CA40002F67D /* Release */,
			);
			defaultConfigurationIsVisible = 0;
			defaultConfigurationName = Release;
		};
		1F756FCE2BCD5CA40002F67D /* Build configuration list for PBXNativeTarget "RadioButton" */ = {
			isa = XCConfigurationList;
			buildConfigurations = (
				1F756FCF2BCD5CA40002F67D /* Debug */,
				1F756FD02BCD5CA40002F67D /* Release */,
			);
			defaultConfigurationIsVisible = 0;
			defaultConfigurationName = Release;
		};
/* End XCConfigurationList section */
	};
	rootObject = 1F756FB22BCD5CA30002F67D /* Project object */;
}
